# This file is autogenerated, do not edit; changes may be undone by the next 'dep ensure'.


[[projects]]
  branch = "master"
  name = "github.com/sethgrid/pester"
  packages = ["."]
  revision = "ed9870dad3170c0b25ab9b11830cc57c3a7798fb"

[solve-meta]
  analyzer-name = "dep"
  analyzer-version = 1
  inputs-digest = "5229d0c8d9f72691cfcbccebb2856618ff80df117962b70090b18ab65ab141d7"
  solver-name = "gps-cdcl"
  solver-version = 1
